version = 1
revision = 2
requires-python = ">=3.11"
resolution-markers = [
    "python_full_version >= '3.12' and sys_platform == 'linux'",
    "(python_full_version >= '3.12' and platform_machine != 'x86_64' and sys_platform == 'darwin') or (python_full_version >= '3.12' and sys_platform != 'darwin' and sys_platform != 'linux')",
    "python_full_version < '3.12' and sys_platform == 'linux'",
    "(python_full_version < '3.12' and platform_machine != 'x86_64' and sys_platform == 'darwin') or (python_full_version < '3.12' and sys_platform != 'darwin' and sys_platform != 'linux')",
    "platform_machine == 'x86_64' and sys_platform == 'darwin'",
]

[[package]]
name = "colorama"
version = "0.4.6"
source = { registry = "https://pypi.org/simple" }
sdist = { url = "https://files.pythonhosted.org/packages/d8/53/6f443c9a4a8358a93a6792e2acffb9d9d5cb0a5cfd8802644b7b1c9a02e4/colorama-0.4.6.tar.gz", hash = "sha256:08695f5cb7ed6e0531a20572697297273c47b8cae5a63ffc6d6ed5c201be6e44", size = 27697, upload-time = "2022-10-25T02:36:22.414Z" }
wheels = [
    { url = "https://files.pythonhosted.org/packages/d1/d6/3965ed04c63042e047cb6a3e6ed1a63a35087b6a609aa3a15ed8ac56c221/colorama-0.4.6-py2.py3-none-any.whl", hash = "sha256:4f1d9991f5acc0ca119f9d443620b77f9d6b33703e51011c16baf57afb285fc6", size = 25335, upload-time = "2022-10-25T02:36:20.889Z" },
]

[[package]]
name = "cs336-basics"
version = "1.0.5"
source = { editable = "." }
dependencies = [
    { name = "cython" },
    { name = "debugpy" },
    { name = "psutil" },
    { name = "pytest" },
    { name = "regex" },
    { name = "setuptools" },
]

[package.metadata]
requires-dist = [
    { name = "cython", specifier = ">=3.1.2" },
    { name = "debugpy", specifier = ">=1.8.16" },
    { name = "psutil", specifier = ">=7.0.0" },
    { name = "pytest", specifier = ">=8.3.4" },
    { name = "regex", specifier = ">=2024.11.6" },
    { name = "setuptools", specifier = ">=80.9.0" },
]

[[package]]
name = "cython"
version = "3.1.2"
source = { registry = "https://pypi.org/simple" }
sdist = { url = "https://files.pythonhosted.org/packages/18/40/7b17cd866158238db704965da1b5849af261dbad393ea3ac966f934b2d39/cython-3.1.2.tar.gz", hash = "sha256:6bbf7a953fa6762dfecdec015e3b054ba51c0121a45ad851fa130f63f5331381", size = 3184825, upload-time = "2025-06-09T07:08:48.465Z" }
wheels = [
    { url = "https://files.pythonhosted.org/packages/1f/de/502ddebaf5fe78f13cd6361acdd74710d3a5b15c22a9edc0ea4c873a59a5/cython-3.1.2-cp311-cp311-macosx_10_9_x86_64.whl", hash = "sha256:5548573e0912d7dc80579827493315384c462e2f15797b91a8ed177686d31eb9", size = 3007792, upload-time = "2025-06-09T07:09:28.777Z" },
    { url = "https://files.pythonhosted.org/packages/bb/c8/91b00bc68effba9ba1ff5b33988052ac4d98fc1ac3021ade7261661299c6/cython-3.1.2-cp311-cp311-macosx_11_0_arm64.whl", hash = "sha256:4bf3ea5bc50d80762c490f42846820a868a6406fdb5878ae9e4cc2f11b50228a", size = 2870798, upload-time = "2025-06-09T07:09:30.745Z" },
    { url = "https://files.pythonhosted.org/packages/f4/4b/29d290f14607785112c00a5e1685d766f433531bbd6a11ad229ab61b7a70/cython-3.1.2-cp311-cp311-manylinux_2_17_aarch64.manylinux2014_aarch64.whl", hash = "sha256:20ce53951d06ab2bca39f153d9c5add1d631c2a44d58bf67288c9d631be9724e", size = 3131280, upload-time = "2025-06-09T07:09:32.785Z" },
    { url = "https://files.pythonhosted.org/packages/38/3c/7c61e9ce25377ec7c4aa0b7ceeed34559ebca7b5cfd384672ba64eeaa4ba/cython-3.1.2-cp311-cp311-manylinux_2_17_x86_64.manylinux2014_x86_64.whl", hash = "sha256:e05a36224e3002d48c7c1c695b3771343bd16bc57eab60d6c5d5e08f3cbbafd8", size = 3223898, upload-time = "2025-06-09T07:09:35.345Z" },
    { url = "https://files.pythonhosted.org/packages/10/96/2d3fbe7e50e98b53ac86fefb48b64262b2e1304b3495e8e25b3cd1c3473e/cython-3.1.2-cp311-cp311-manylinux_2_5_i686.manylinux1_i686.manylinux_2_17_i686.manylinux2014_i686.whl", hash = "sha256:dbc0fc0777c7ab82297c01c61a1161093a22a41714f62e8c35188a309bd5db8e", size = 3291527, upload-time = "2025-06-09T07:09:37.502Z" },
    { url = "https://files.pythonhosted.org/packages/bd/e4/4cd3624e250d86f05bdb121a567865b9cca75cdc6dce4eedd68e626ea4f8/cython-3.1.2-cp311-cp311-musllinux_1_2_aarch64.whl", hash = "sha256:18161ef3dd0e90a944daa2be468dd27696712a5f792d6289e97d2a31298ad688", size = 3184034, upload-time = "2025-06-09T07:09:40.225Z" },
    { url = "https://files.pythonhosted.org/packages/24/de/f8c1243c3e50ec95cb81f3a7936c8cf162f28050db8683e291c3861b46a0/cython-3.1.2-cp311-cp311-musllinux_1_2_i686.whl", hash = "sha256:ca45020950cd52d82189d6dfb6225737586be6fe7b0b9d3fadd7daca62eff531", size = 3386084, upload-time = "2025-06-09T07:09:42.206Z" },
    { url = "https://files.pythonhosted.org/packages/c8/95/2365937da44741ef0781bb9ecc1f8f52b38b65acb7293b5fc7c3eaee5346/cython-3.1.2-cp311-cp311-musllinux_1_2_x86_64.whl", hash = "sha256:aaae97d6d07610224be2b73a93e9e3dd85c09aedfd8e47054e3ef5a863387dae", size = 3309974, upload-time = "2025-06-09T07:09:44.801Z" },
    { url = "https://files.pythonhosted.org/packages/9b/b8/280eed114110a1a3aa9e2e76bcd06cdd5ef0df7ab77c0be9d5378ca28c57/cython-3.1.2-cp311-cp311-win32.whl", hash = "sha256:3d439d9b19e7e70f6ff745602906d282a853dd5219d8e7abbf355de680c9d120", size = 2482942, upload-time = "2025-06-09T07:09:46.583Z" },
    { url = "https://files.pythonhosted.org/packages/a2/50/0aa65be5a4ab65bde3224b8fd23ed795f699d1e724ac109bb0a32036b82d/cython-3.1.2-cp311-cp311-win_amd64.whl", hash = "sha256:8efa44ee2f1876e40eb5e45f6513a19758077c56bf140623ccab43d31f873b61", size = 2686535, upload-time = "2025-06-09T07:09:48.345Z" },
    { url = "https://files.pythonhosted.org/packages/22/86/9393ab7204d5bb65f415dd271b658c18f57b9345d06002cae069376a5a7a/cython-3.1.2-cp312-cp312-macosx_10_13_x86_64.whl", hash = "sha256:9c2c4b6f9a941c857b40168b3f3c81d514e509d985c2dcd12e1a4fea9734192e", size = 3015898, upload-time = "2025-06-09T07:09:50.79Z" },
    { url = "https://files.pythonhosted.org/packages/f9/b8/3d10ac37ab7b7ee60bc6bfb48f6682ebee7fddaccf56e1e135f0d46ca79f/cython-3.1.2-cp312-cp312-macosx_11_0_arm64.whl", hash = "sha256:bdbc115bbe1b8c1dcbcd1b03748ea87fa967eb8dfc3a1a9bb243d4a382efcff4", size = 2846204, upload-time = "2025-06-09T07:09:52.832Z" },
    { url = "https://files.pythonhosted.org/packages/f8/34/637771d8e10ebabc34a34cdd0d63fe797b66c334e150189955bf6442d710/cython-3.1.2-cp312-cp312-manylinux_2_17_aarch64.manylinux2014_aarch64.whl", hash = "sha256:c05111f89db1ca98edc0675cfaa62be47b3ff519a29876eb095532a9f9e052b8", size = 3080671, upload-time = "2025-06-09T07:09:54.924Z" },
    { url = "https://files.pythonhosted.org/packages/6b/c8/383ad1851fb272920a152c5a30bb6f08c3471b5438079d9488fc3074a170/cython-3.1.2-cp312-cp312-manylinux_2_17_x86_64.manylinux2014_x86_64.whl", hash = "sha256:f6e7188df8709be32cfdfadc7c3782e361c929df9132f95e1bbc90a340dca3c7", size = 3199022, upload-time = "2025-06-09T07:09:56.978Z" },
    { url = "https://files.pythonhosted.org/packages/e6/11/20adc8f2db37a29f245e8fd4b8b8a8245fce4bbbd128185cc9a7b1065e4c/cython-3.1.2-cp312-cp312-manylinux_2_5_i686.manylinux1_i686.manylinux_2_17_i686.manylinux2014_i686.whl", hash = "sha256:1c0ecc71e60a051732c2607b8eb8f2a03a5dac09b28e52b8af323c329db9987b", size = 3241337, upload-time = "2025-06-09T07:09:59.156Z" },
    { url = "https://files.pythonhosted.org/packages/6f/0b/491f1fd3e177cccb6bb6d52f9609f78d395edde83ac47ebb06d21717ca29/cython-3.1.2-cp312-cp312-musllinux_1_2_aarch64.whl", hash = "sha256:f27143cf88835c8bcc9bf3304953f23f377d1d991e8942982fe7be344c7cfce3", size = 3131808, upload-time = "2025-06-09T07:10:01.31Z" },
    { url = "https://files.pythonhosted.org/packages/db/d2/5e7053a3214c9baa7ad72940555eb87cf4750e597f10b2bb43db62c3f39f/cython-3.1.2-cp312-cp312-musllinux_1_2_i686.whl", hash = "sha256:d8c43566701133f53bf13485839d8f3f309095fe0d3b9d0cd5873073394d2edc", size = 3340319, upload-time = "2025-06-09T07:10:03.485Z" },
    { url = "https://files.pythonhosted.org/packages/95/42/4842f8ddac9b36c94ae08b23c7fcde3f930c1dd49ac8992bb5320a4d96b5/cython-3.1.2-cp312-cp312-musllinux_1_2_x86_64.whl", hash = "sha256:a3bb893e85f027a929c1764bb14db4c31cbdf8a96f59a78f608f2ba7cfbbce95", size = 3287370, upload-time = "2025-06-09T07:10:05.637Z" },
    { url = "https://files.pythonhosted.org/packages/03/0d/417745ed75d414176e50310087b43299a3e611e75c379ff998f60f2ca1a8/cython-3.1.2-cp312-cp312-win32.whl", hash = "sha256:12c5902f105e43ca9af7874cdf87a23627f98c15d5a4f6d38bc9d334845145c0", size = 2487734, upload-time = "2025-06-09T07:10:07.591Z" },
    { url = "https://files.pythonhosted.org/packages/8e/82/df61d09ab81979ba171a8252af8fb8a3b26a0f19d1330c2679c11fe41667/cython-3.1.2-cp312-cp312-win_amd64.whl", hash = "sha256:06789eb7bd2e55b38b9dd349e9309f794aee0fed99c26ea5c9562d463877763f", size = 2695542, upload-time = "2025-06-09T07:10:09.545Z" },
    { url = "https://files.pythonhosted.org/packages/7b/e2/355354a00a4ee7029b89767a280272f91c7e68b6edb686690992aaa6c32c/cython-3.1.2-cp313-cp313-macosx_10_13_x86_64.whl", hash = "sha256:cc22e5f18af436c894b90c257130346930fdc860d7f42b924548c591672beeef", size = 2999991, upload-time = "2025-06-09T07:10:11.825Z" },
    { url = "https://files.pythonhosted.org/packages/7c/d6/fb1033396585fd900adda9a410624b96d2a37b5f7f3685f0bdc5fa2bafe0/cython-3.1.2-cp313-cp313-macosx_11_0_arm64.whl", hash = "sha256:42c7bffb0fe9898996c7eef9eb74ce3654553c7a3a3f3da66e5a49f801904ce0", size = 2831764, upload-time = "2025-06-09T07:10:14.578Z" },
    { url = "https://files.pythonhosted.org/packages/28/46/2bbcd5a8a67e4ec0dbdf73b0b85add085e401d782cdc9291673aeaf05fc2/cython-3.1.2-cp313-cp313-manylinux_2_17_aarch64.manylinux2014_aarch64.whl", hash = "sha256:88dc7fd54bfae78c366c6106a759f389000ea4dfe8ed9568af9d2f612825a164", size = 3068467, upload-time = "2025-06-09T07:10:17.158Z" },
    { url = "https://files.pythonhosted.org/packages/b3/9b/20a8a12d1454416141479380f7722f2ad298d2b41d0d7833fc409894715d/cython-3.1.2-cp313-cp313-manylinux_2_17_x86_64.manylinux2014_x86_64.whl", hash = "sha256:80d0ce057672ca50728153757d022842d5dcec536b50c79615a22dda2a874ea0", size = 3186690, upload-time = "2025-06-09T07:10:19.257Z" },
    { url = "https://files.pythonhosted.org/packages/3a/9f/20cdecae7966dfbaff198952bcee745e402072a3b6565dfebb41202b55f8/cython-3.1.2-cp313-cp313-manylinux_2_5_i686.manylinux1_i686.manylinux_2_17_i686.manylinux2014_i686.whl", hash = "sha256:eda6a43f1b78eae0d841698916eef661d15f8bc8439c266a964ea4c504f05612", size = 3212888, upload-time = "2025-06-09T07:10:22.648Z" },
    { url = "https://files.pythonhosted.org/packages/fe/6a/ae723af7a2c9fe9e737468c046d953b34d427093c4974d34c15174cf7efe/cython-3.1.2-cp313-cp313-musllinux_1_2_aarch64.whl", hash = "sha256:b4c516d103e87c2e9c1ab85227e4d91c7484c1ba29e25f8afbf67bae93fee164", size = 3117859, upload-time = "2025-06-09T07:10:24.772Z" },
    { url = "https://files.pythonhosted.org/packages/f5/e9/25a5f5c962f2f331dc2ff74a62046e35ec0ffd08f0da6fa51261101a5e2e/cython-3.1.2-cp313-cp313-musllinux_1_2_i686.whl", hash = "sha256:7542f1d18ab2cd22debc72974ec9e53437a20623d47d6001466e430538d7df54", size = 3315382, upload-time = "2025-06-09T07:10:27.415Z" },
    { url = "https://files.pythonhosted.org/packages/4f/d2/2ee59f5e31b1d7e397ca0f3899559681a44dd3502fa8b68d2bb285f54aa7/cython-3.1.2-cp313-cp313-musllinux_1_2_x86_64.whl", hash = "sha256:63335513c06dcec4ecdaa8598f36c969032149ffd92a461f641ee363dc83c7ad", size = 3273216, upload-time = "2025-06-09T07:10:29.603Z" },
    { url = "https://files.pythonhosted.org/packages/a7/88/e792eb40d8a17010793da2f6c0f72624ec2b7964fccba8d5c544aed16400/cython-3.1.2-cp313-cp313-win32.whl", hash = "sha256:b377d542299332bfeb61ec09c57821b10f1597304394ba76544f4d07780a16df", size = 2482057, upload-time = "2025-06-09T07:10:31.547Z" },
    { url = "https://files.pythonhosted.org/packages/c2/94/65ba40faeafe74845ba22b61aff7d73475671c3bd24bffc6cba53f3b0063/cython-3.1.2-cp313-cp313-win_amd64.whl", hash = "sha256:8ab1319c77f15b0ae04b3fb03588df3afdec4cf79e90eeea5c961e0ebd8fdf72", size = 2693103, upload-time = "2025-06-09T07:10:33.696Z" },
    { url = "https://files.pythonhosted.org/packages/25/d6/ef8557d5e75cc57d55df579af4976935ee111a85bbee4a5b72354e257066/cython-3.1.2-py3-none-any.whl", hash = "sha256:d23fd7ffd7457205f08571a42b108a3cf993e83a59fe4d72b42e6fc592cf2639", size = 1224753, upload-time = "2025-06-09T07:08:44.849Z" },
]

[[package]]
name = "debugpy"
version = "1.8.16"
source = { registry = "https://pypi.org/simple" }
sdist = { url = "https://files.pythonhosted.org/packages/ca/d4/722d0bcc7986172ac2ef3c979ad56a1030e3afd44ced136d45f8142b1f4a/debugpy-1.8.16.tar.gz", hash = "sha256:31e69a1feb1cf6b51efbed3f6c9b0ef03bc46ff050679c4be7ea6d2e23540870", size = 1643809, upload-time = "2025-08-06T18:00:02.647Z" }
wheels = [
    { url = "https://files.pythonhosted.org/packages/63/d6/ad70ba8b49b23fa286fb21081cf732232cc19374af362051da9c7537ae52/debugpy-1.8.16-cp311-cp311-macosx_14_0_universal2.whl", hash = "sha256:67371b28b79a6a12bcc027d94a06158f2fde223e35b5c4e0783b6f9d3b39274a", size = 2184063, upload-time = "2025-08-06T18:00:11.885Z" },
    { url = "https://files.pythonhosted.org/packages/aa/49/7b03e88dea9759a4c7910143f87f92beb494daaae25560184ff4ae883f9e/debugpy-1.8.16-cp311-cp311-manylinux_2_5_x86_64.manylinux1_x86_64.manylinux_2_17_x86_64.manylinux2014_x86_64.whl", hash = "sha256:b2abae6dd02523bec2dee16bd6b0781cccb53fd4995e5c71cc659b5f45581898", size = 3134837, upload-time = "2025-08-06T18:00:13.782Z" },
    { url = "https://files.pythonhosted.org/packages/5d/52/b348930316921de7565fbe37a487d15409041713004f3d74d03eb077dbd4/debugpy-1.8.16-cp311-cp311-win32.whl", hash = "sha256:f8340a3ac2ed4f5da59e064aa92e39edd52729a88fbde7bbaa54e08249a04493", size = 5159142, upload-time = "2025-08-06T18:00:15.391Z" },
    { url = "https://files.pythonhosted.org/packages/d8/ef/9aa9549ce1e10cea696d980292e71672a91ee4a6a691ce5f8629e8f48c49/debugpy-1.8.16-cp311-cp311-win_amd64.whl", hash = "sha256:70f5fcd6d4d0c150a878d2aa37391c52de788c3dc680b97bdb5e529cb80df87a", size = 5183117, upload-time = "2025-08-06T18:00:17.251Z" },
    { url = "https://files.pythonhosted.org/packages/61/fb/0387c0e108d842c902801bc65ccc53e5b91d8c169702a9bbf4f7efcedf0c/debugpy-1.8.16-cp312-cp312-macosx_14_0_universal2.whl", hash = "sha256:b202e2843e32e80b3b584bcebfe0e65e0392920dc70df11b2bfe1afcb7a085e4", size = 2511822, upload-time = "2025-08-06T18:00:18.526Z" },
    { url = "https://files.pythonhosted.org/packages/37/44/19e02745cae22bf96440141f94e15a69a1afaa3a64ddfc38004668fcdebf/debugpy-1.8.16-cp312-cp312-manylinux_2_5_x86_64.manylinux1_x86_64.manylinux_2_17_x86_64.manylinux2014_x86_64.whl", hash = "sha256:64473c4a306ba11a99fe0bb14622ba4fbd943eb004847d9b69b107bde45aa9ea", size = 4230135, upload-time = "2025-08-06T18:00:19.997Z" },
    { url = "https://files.pythonhosted.org/packages/f3/0b/19b1ba5ee4412f303475a2c7ad5858efb99c90eae5ec627aa6275c439957/debugpy-1.8.16-cp312-cp312-win32.whl", hash = "sha256:833a61ed446426e38b0dd8be3e9d45ae285d424f5bf6cd5b2b559c8f12305508", size = 5281271, upload-time = "2025-08-06T18:00:21.281Z" },
    { url = "https://files.pythonhosted.org/packages/b1/e0/bc62e2dc141de53bd03e2c7cb9d7011de2e65e8bdcdaa26703e4d28656ba/debugpy-1.8.16-cp312-cp312-win_amd64.whl", hash = "sha256:75f204684581e9ef3dc2f67687c3c8c183fde2d6675ab131d94084baf8084121", size = 5323149, upload-time = "2025-08-06T18:00:23.033Z" },
    { url = "https://files.pythonhosted.org/packages/62/66/607ab45cc79e60624df386e233ab64a6d8d39ea02e7f80e19c1d451345bb/debugpy-1.8.16-cp313-cp313-macosx_14_0_universal2.whl", hash = "sha256:85df3adb1de5258dca910ae0bb185e48c98801ec15018a263a92bb06be1c8787", size = 2496157, upload-time = "2025-08-06T18:00:24.361Z" },
    { url = "https://files.pythonhosted.org/packages/4d/a0/c95baae08a75bceabb79868d663a0736655e427ab9c81fb848da29edaeac/debugpy-1.8.16-cp313-cp313-manylinux_2_5_x86_64.manylinux1_x86_64.manylinux_2_17_x86_64.manylinux2014_x86_64.whl", hash = "sha256:bee89e948bc236a5c43c4214ac62d28b29388453f5fd328d739035e205365f0b", size = 4222491, upload-time = "2025-08-06T18:00:25.806Z" },
    { url = "https://files.pythonhosted.org/packages/5b/2f/1c8db6ddd8a257c3cd2c46413b267f1d5fa3df910401c899513ce30392d6/debugpy-1.8.16-cp313-cp313-win32.whl", hash = "sha256:cf358066650439847ec5ff3dae1da98b5461ea5da0173d93d5e10f477c94609a", size = 5281126, upload-time = "2025-08-06T18:00:27.207Z" },
    { url = "https://files.pythonhosted.org/packages/d3/ba/c3e154ab307366d6c5a9c1b68de04914e2ce7fa2f50d578311d8cc5074b2/debugpy-1.8.16-cp313-cp313-win_amd64.whl", hash = "sha256:b5aea1083f6f50023e8509399d7dc6535a351cc9f2e8827d1e093175e4d9fa4c", size = 5323094, upload-time = "2025-08-06T18:00:29.03Z" },
    { url = "https://files.pythonhosted.org/packages/52/57/ecc9ae29fa5b2d90107cd1d9bf8ed19aacb74b2264d986ae9d44fe9bdf87/debugpy-1.8.16-py2.py3-none-any.whl", hash = "sha256:19c9521962475b87da6f673514f7fd610328757ec993bf7ec0d8c96f9a325f9e", size = 5287700, upload-time = "2025-08-06T18:00:42.333Z" },
]

[[package]]
name = "iniconfig"
version = "2.1.0"
source = { registry = "https://pypi.org/simple" }
sdist = { url = "https://files.pythonhosted.org/packages/f2/97/ebf4da567aa6827c909642694d71c9fcf53e5b504f2d96afea02718862f3/iniconfig-2.1.0.tar.gz", hash = "sha256:3abbd2e30b36733fee78f9c7f7308f2d0050e88f0087fd25c2645f63c773e1c7", size = 4793, upload-time = "2025-03-19T20:09:59.721Z" }
wheels = [
    { url = "https://files.pythonhosted.org/packages/2c/e1/e6716421ea10d38022b952c159d5161ca1193197fb744506875fbb87ea7b/iniconfig-2.1.0-py3-none-any.whl", hash = "sha256:9deba5723312380e77435581c6bf4935c94cbfab9b1ed33ef8d238ea168eb760", size = 6050, upload-time = "2025-03-19T20:10:01.071Z" },
]

[[package]]
name = "packaging"
version = "25.0"
source = { registry = "https://pypi.org/simple" }
sdist = { url = "https://files.pythonhosted.org/packages/a1/d4/1fc4078c65507b51b96ca8f8c3ba19e6a61c8253c72794544580a7b6c24d/packaging-25.0.tar.gz", hash = "sha256:d443872c98d677bf60f6a1f2f8c1cb748e8fe762d2bf9d3148b5599295b0fc4f", size = 165727, upload-time = "2025-04-19T11:48:59.673Z" }
wheels = [
    { url = "https://files.pythonhosted.org/packages/20/12/38679034af332785aac8774540895e234f4d07f7545804097de4b666afd8/packaging-25.0-py3-none-any.whl", hash = "sha256:29572ef2b1f17581046b3a2227d5c611fb25ec70ca1ba8554b24b0e69331a484", size = 66469, upload-time = "2025-04-19T11:48:57.875Z" },
]

[[package]]
name = "pluggy"
version = "1.6.0"
source = { registry = "https://pypi.org/simple" }
sdist = { url = "https://files.pythonhosted.org/packages/f9/e2/3e91f31a7d2b083fe6ef3fa267035b518369d9511ffab804f839851d2779/pluggy-1.6.0.tar.gz", hash = "sha256:7dcc130b76258d33b90f61b658791dede3486c3e6bfb003ee5c9bfb396dd22f3", size = 69412, upload-time = "2025-05-15T12:30:07.975Z" }
wheels = [
    { url = "https://files.pythonhosted.org/packages/54/20/4d324d65cc6d9205fabedc306948156824eb9f0ee1633355a8f7ec5c66bf/pluggy-1.6.0-py3-none-any.whl", hash = "sha256:e920276dd6813095e9377c0bc5566d94c932c33b27a3e3945d8389c374dd4746", size = 20538, upload-time = "2025-05-15T12:30:06.134Z" },
]

[[package]]
name = "psutil"
version = "7.0.0"
source = { registry = "https://pypi.org/simple" }
sdist = { url = "https://files.pythonhosted.org/packages/2a/80/336820c1ad9286a4ded7e845b2eccfcb27851ab8ac6abece774a6ff4d3de/psutil-7.0.0.tar.gz", hash = "sha256:7be9c3eba38beccb6495ea33afd982a44074b78f28c434a1f51cc07fd315c456", size = 497003, upload-time = "2025-02-13T21:54:07.946Z" }
wheels = [
    { url = "https://files.pythonhosted.org/packages/ed/e6/2d26234410f8b8abdbf891c9da62bee396583f713fb9f3325a4760875d22/psutil-7.0.0-cp36-abi3-macosx_10_9_x86_64.whl", hash = "sha256:101d71dc322e3cffd7cea0650b09b3d08b8e7c4109dd6809fe452dfd00e58b25", size = 238051, upload-time = "2025-02-13T21:54:12.36Z" },
    { url = "https://files.pythonhosted.org/packages/04/8b/30f930733afe425e3cbfc0e1468a30a18942350c1a8816acfade80c005c4/psutil-7.0.0-cp36-abi3-macosx_11_0_arm64.whl", hash = "sha256:39db632f6bb862eeccf56660871433e111b6ea58f2caea825571951d4b6aa3da", size = 239535, upload-time = "2025-02-13T21:54:16.07Z" },
    { url = "https://files.pythonhosted.org/packages/2a/ed/d362e84620dd22876b55389248e522338ed1bf134a5edd3b8231d7207f6d/psutil-7.0.0-cp36-abi3-manylinux_2_12_i686.manylinux2010_i686.manylinux_2_17_i686.manylinux2014_i686.whl", hash = "sha256:1fcee592b4c6f146991ca55919ea3d1f8926497a713ed7faaf8225e174581e91", size = 275004, upload-time = "2025-02-13T21:54:18.662Z" },
    { url = "https://files.pythonhosted.org/packages/bf/b9/b0eb3f3cbcb734d930fdf839431606844a825b23eaf9a6ab371edac8162c/psutil-7.0.0-cp36-abi3-manylinux_2_12_x86_64.manylinux2010_x86_64.manylinux_2_17_x86_64.manylinux2014_x86_64.whl", hash = "sha256:4b1388a4f6875d7e2aff5c4ca1cc16c545ed41dd8bb596cefea80111db353a34", size = 277986, upload-time = "2025-02-13T21:54:21.811Z" },
    { url = "https://files.pythonhosted.org/packages/eb/a2/709e0fe2f093556c17fbafda93ac032257242cabcc7ff3369e2cb76a97aa/psutil-7.0.0-cp36-abi3-manylinux_2_17_aarch64.manylinux2014_aarch64.whl", hash = "sha256:a5f098451abc2828f7dc6b58d44b532b22f2088f4999a937557b603ce72b1993", size = 279544, upload-time = "2025-02-13T21:54:24.68Z" },
    { url = "https://files.pythonhosted.org/packages/50/e6/eecf58810b9d12e6427369784efe814a1eec0f492084ce8eb8f4d89d6d61/psutil-7.0.0-cp37-abi3-win32.whl", hash = "sha256:ba3fcef7523064a6c9da440fc4d6bd07da93ac726b5733c29027d7dc95b39d99", size = 241053, upload-time = "2025-02-13T21:54:34.31Z" },
    { url = "https://files.pythonhosted.org/packages/50/1b/6921afe68c74868b4c9fa424dad3be35b095e16687989ebbb50ce4fceb7c/psutil-7.0.0-cp37-abi3-win_amd64.whl", hash = "sha256:4cf3d4eb1aa9b348dec30105c55cd9b7d4629285735a102beb4441e38db90553", size = 244885, upload-time = "2025-02-13T21:54:37.486Z" },
]

[[package]]
name = "pygments"
version = "2.19.2"
source = { registry = "https://pypi.org/simple" }
sdist = { url = "https://files.pythonhosted.org/packages/b0/77/a5b8c569bf593b0140bde72ea885a803b82086995367bf2037de0159d924/pygments-2.19.2.tar.gz", hash = "sha256:636cb2477cec7f8952536970bc533bc43743542f70392ae026374600add5b887", size = 4968631, upload-time = "2025-06-21T13:39:12.283Z" }
wheels = [
    { url = "https://files.pythonhosted.org/packages/c7/21/705964c7812476f378728bdf590ca4b771ec72385c533964653c68e86bdc/pygments-2.19.2-py3-none-any.whl", hash = "sha256:86540386c03d588bb81d44bc3928634ff26449851e99741617ecb9037ee5ec0b", size = 1225217, upload-time = "2025-06-21T13:39:07.939Z" },
]

[[package]]
name = "pytest"
version = "8.4.1"
source = { registry = "https://pypi.org/simple" }
dependencies = [
    { name = "colorama", marker = "sys_platform == 'win32'" },
    { name = "iniconfig" },
    { name = "packaging" },
    { name = "pluggy" },
    { name = "pygments" },
]
sdist = { url = "https://files.pythonhosted.org/packages/08/ba/45911d754e8eba3d5a841a5ce61a65a685ff1798421ac054f85aa8747dfb/pytest-8.4.1.tar.gz", hash = "sha256:7c67fd69174877359ed9371ec3af8a3d2b04741818c51e5e99cc1742251fa93c", size = 1517714, upload-time = "2025-06-18T05:48:06.109Z" }
wheels = [
    { url = "https://files.pythonhosted.org/packages/29/16/c8a903f4c4dffe7a12843191437d7cd8e32751d5de349d45d3fe69544e87/pytest-8.4.1-py3-none-any.whl", hash = "sha256:539c70ba6fcead8e78eebbf1115e8b589e7565830d7d006a8723f19ac8a0afb7", size = 365474, upload-time = "2025-06-18T05:48:03.955Z" },
]

[[package]]
name = "regex"
version = "2024.11.6"
source = { registry = "https://pypi.org/simple" }
sdist = { url = "https://files.pythonhosted.org/packages/8e/5f/bd69653fbfb76cf8604468d3b4ec4c403197144c7bfe0e6a5fc9e02a07cb/regex-2024.11.6.tar.gz", hash = "sha256:7ab159b063c52a0333c884e4679f8d7a85112ee3078fe3d9004b2dd875585519", size = 399494, upload-time = "2024-11-06T20:12:31.635Z" }
wheels = [
    { url = "https://files.pythonhosted.org/packages/58/58/7e4d9493a66c88a7da6d205768119f51af0f684fe7be7bac8328e217a52c/regex-2024.11.6-cp311-cp311-macosx_10_9_universal2.whl", hash = "sha256:5478c6962ad548b54a591778e93cd7c456a7a29f8eca9c49e4f9a806dcc5d638", size = 482669, upload-time = "2024-11-06T20:09:31.064Z" },
    { url = "https://files.pythonhosted.org/packages/34/4c/8f8e631fcdc2ff978609eaeef1d6994bf2f028b59d9ac67640ed051f1218/regex-2024.11.6-cp311-cp311-macosx_10_9_x86_64.whl", hash = "sha256:2c89a8cc122b25ce6945f0423dc1352cb9593c68abd19223eebbd4e56612c5b7", size = 287684, upload-time = "2024-11-06T20:09:32.915Z" },
    { url = "https://files.pythonhosted.org/packages/c5/1b/f0e4d13e6adf866ce9b069e191f303a30ab1277e037037a365c3aad5cc9c/regex-2024.11.6-cp311-cp311-macosx_11_0_arm64.whl", hash = "sha256:94d87b689cdd831934fa3ce16cc15cd65748e6d689f5d2b8f4f4df2065c9fa20", size = 284589, upload-time = "2024-11-06T20:09:35.504Z" },
    { url = "https://files.pythonhosted.org/packages/25/4d/ab21047f446693887f25510887e6820b93f791992994f6498b0318904d4a/regex-2024.11.6-cp311-cp311-manylinux_2_17_aarch64.manylinux2014_aarch64.whl", hash = "sha256:1062b39a0a2b75a9c694f7a08e7183a80c63c0d62b301418ffd9c35f55aaa114", size = 792121, upload-time = "2024-11-06T20:09:37.701Z" },
    { url = "https://files.pythonhosted.org/packages/45/ee/c867e15cd894985cb32b731d89576c41a4642a57850c162490ea34b78c3b/regex-2024.11.6-cp311-cp311-manylinux_2_17_ppc64le.manylinux2014_ppc64le.whl", hash = "sha256:167ed4852351d8a750da48712c3930b031f6efdaa0f22fa1933716bfcd6bf4a3", size = 831275, upload-time = "2024-11-06T20:09:40.371Z" },
    { url = "https://files.pythonhosted.org/packages/b3/12/b0f480726cf1c60f6536fa5e1c95275a77624f3ac8fdccf79e6727499e28/regex-2024.11.6-cp311-cp311-manylinux_2_17_s390x.manylinux2014_s390x.whl", hash = "sha256:2d548dafee61f06ebdb584080621f3e0c23fff312f0de1afc776e2a2ba99a74f", size = 818257, upload-time = "2024-11-06T20:09:43.059Z" },
    { url = "https://files.pythonhosted.org/packages/bf/ce/0d0e61429f603bac433910d99ef1a02ce45a8967ffbe3cbee48599e62d88/regex-2024.11.6-cp311-cp311-manylinux_2_17_x86_64.manylinux2014_x86_64.whl", hash = "sha256:f2a19f302cd1ce5dd01a9099aaa19cae6173306d1302a43b627f62e21cf18ac0", size = 792727, upload-time = "2024-11-06T20:09:48.19Z" },
    { url = "https://files.pythonhosted.org/packages/e4/c1/243c83c53d4a419c1556f43777ccb552bccdf79d08fda3980e4e77dd9137/regex-2024.11.6-cp311-cp311-manylinux_2_5_i686.manylinux1_i686.manylinux_2_17_i686.manylinux2014_i686.whl", hash = "sha256:bec9931dfb61ddd8ef2ebc05646293812cb6b16b60cf7c9511a832b6f1854b55", size = 780667, upload-time = "2024-11-06T20:09:49.828Z" },
    { url = "https://files.pythonhosted.org/packages/c5/f4/75eb0dd4ce4b37f04928987f1d22547ddaf6c4bae697623c1b05da67a8aa/regex-2024.11.6-cp311-cp311-musllinux_1_2_aarch64.whl", hash = "sha256:9714398225f299aa85267fd222f7142fcb5c769e73d7733344efc46f2ef5cf89", size = 776963, upload-time = "2024-11-06T20:09:51.819Z" },
    { url = "https://files.pythonhosted.org/packages/16/5d/95c568574e630e141a69ff8a254c2f188b4398e813c40d49228c9bbd9875/regex-2024.11.6-cp311-cp311-musllinux_1_2_i686.whl", hash = "sha256:202eb32e89f60fc147a41e55cb086db2a3f8cb82f9a9a88440dcfc5d37faae8d", size = 784700, upload-time = "2024-11-06T20:09:53.982Z" },
    { url = "https://files.pythonhosted.org/packages/8e/b5/f8495c7917f15cc6fee1e7f395e324ec3e00ab3c665a7dc9d27562fd5290/regex-2024.11.6-cp311-cp311-musllinux_1_2_ppc64le.whl", hash = "sha256:4181b814e56078e9b00427ca358ec44333765f5ca1b45597ec7446d3a1ef6e34", size = 848592, upload-time = "2024-11-06T20:09:56.222Z" },
    { url = "https://files.pythonhosted.org/packages/1c/80/6dd7118e8cb212c3c60b191b932dc57db93fb2e36fb9e0e92f72a5909af9/regex-2024.11.6-cp311-cp311-musllinux_1_2_s390x.whl", hash = "sha256:068376da5a7e4da51968ce4c122a7cd31afaaec4fccc7856c92f63876e57b51d", size = 852929, upload-time = "2024-11-06T20:09:58.642Z" },
    { url = "https://files.pythonhosted.org/packages/11/9b/5a05d2040297d2d254baf95eeeb6df83554e5e1df03bc1a6687fc4ba1f66/regex-2024.11.6-cp311-cp311-musllinux_1_2_x86_64.whl", hash = "sha256:ac10f2c4184420d881a3475fb2c6f4d95d53a8d50209a2500723d831036f7c45", size = 781213, upload-time = "2024-11-06T20:10:00.867Z" },
    { url = "https://files.pythonhosted.org/packages/26/b7/b14e2440156ab39e0177506c08c18accaf2b8932e39fb092074de733d868/regex-2024.11.6-cp311-cp311-win32.whl", hash = "sha256:c36f9b6f5f8649bb251a5f3f66564438977b7ef8386a52460ae77e6070d309d9", size = 261734, upload-time = "2024-11-06T20:10:03.361Z" },
    { url = "https://files.pythonhosted.org/packages/80/32/763a6cc01d21fb3819227a1cc3f60fd251c13c37c27a73b8ff4315433a8e/regex-2024.11.6-cp311-cp311-win_amd64.whl", hash = "sha256:02e28184be537f0e75c1f9b2f8847dc51e08e6e171c6bde130b2687e0c33cf60", size = 274052, upload-time = "2024-11-06T20:10:05.179Z" },
    { url = "https://files.pythonhosted.org/packages/ba/30/9a87ce8336b172cc232a0db89a3af97929d06c11ceaa19d97d84fa90a8f8/regex-2024.11.6-cp312-cp312-macosx_10_13_universal2.whl", hash = "sha256:52fb28f528778f184f870b7cf8f225f5eef0a8f6e3778529bdd40c7b3920796a", size = 483781, upload-time = "2024-11-06T20:10:07.07Z" },
    { url = "https://files.pythonhosted.org/packages/01/e8/00008ad4ff4be8b1844786ba6636035f7ef926db5686e4c0f98093612add/regex-2024.11.6-cp312-cp312-macosx_10_13_x86_64.whl", hash = "sha256:fdd6028445d2460f33136c55eeb1f601ab06d74cb3347132e1c24250187500d9", size = 288455, upload-time = "2024-11-06T20:10:09.117Z" },
    { url = "https://files.pythonhosted.org/packages/60/85/cebcc0aff603ea0a201667b203f13ba75d9fc8668fab917ac5b2de3967bc/regex-2024.11.6-cp312-cp312-macosx_11_0_arm64.whl", hash = "sha256:805e6b60c54bf766b251e94526ebad60b7de0c70f70a4e6210ee2891acb70bf2", size = 284759, upload-time = "2024-11-06T20:10:11.155Z" },
    { url = "https://files.pythonhosted.org/packages/94/2b/701a4b0585cb05472a4da28ee28fdfe155f3638f5e1ec92306d924e5faf0/regex-2024.11.6-cp312-cp312-manylinux_2_17_aarch64.manylinux2014_aarch64.whl", hash = "sha256:b85c2530be953a890eaffde05485238f07029600e8f098cdf1848d414a8b45e4", size = 794976, upload-time = "2024-11-06T20:10:13.24Z" },
    { url = "https://files.pythonhosted.org/packages/4b/bf/fa87e563bf5fee75db8915f7352e1887b1249126a1be4813837f5dbec965/regex-2024.11.6-cp312-cp312-manylinux_2_17_ppc64le.manylinux2014_ppc64le.whl", hash = "sha256:bb26437975da7dc36b7efad18aa9dd4ea569d2357ae6b783bf1118dabd9ea577", size = 833077, upload-time = "2024-11-06T20:10:15.37Z" },
    { url = "https://files.pythonhosted.org/packages/a1/56/7295e6bad94b047f4d0834e4779491b81216583c00c288252ef625c01d23/regex-2024.11.6-cp312-cp312-manylinux_2_17_s390x.manylinux2014_s390x.whl", hash = "sha256:abfa5080c374a76a251ba60683242bc17eeb2c9818d0d30117b4486be10c59d3", size = 823160, upload-time = "2024-11-06T20:10:19.027Z" },
    { url = "https://files.pythonhosted.org/packages/fb/13/e3b075031a738c9598c51cfbc4c7879e26729c53aa9cca59211c44235314/regex-2024.11.6-cp312-cp312-manylinux_2_17_x86_64.manylinux2014_x86_64.whl", hash = "sha256:70b7fa6606c2881c1db9479b0eaa11ed5dfa11c8d60a474ff0e095099f39d98e", size = 796896, upload-time = "2024-11-06T20:10:21.85Z" },
    { url = "https://files.pythonhosted.org/packages/24/56/0b3f1b66d592be6efec23a795b37732682520b47c53da5a32c33ed7d84e3/regex-2024.11.6-cp312-cp312-manylinux_2_5_i686.manylinux1_i686.manylinux_2_17_i686.manylinux2014_i686.whl", hash = "sha256:0c32f75920cf99fe6b6c539c399a4a128452eaf1af27f39bce8909c9a3fd8cbe", size = 783997, upload-time = "2024-11-06T20:10:24.329Z" },
    { url = "https://files.pythonhosted.org/packages/f9/a1/eb378dada8b91c0e4c5f08ffb56f25fcae47bf52ad18f9b2f33b83e6d498/regex-2024.11.6-cp312-cp312-musllinux_1_2_aarch64.whl", hash = "sha256:982e6d21414e78e1f51cf595d7f321dcd14de1f2881c5dc6a6e23bbbbd68435e", size = 781725, upload-time = "2024-11-06T20:10:28.067Z" },
    { url = "https://files.pythonhosted.org/packages/83/f2/033e7dec0cfd6dda93390089864732a3409246ffe8b042e9554afa9bff4e/regex-2024.11.6-cp312-cp312-musllinux_1_2_i686.whl", hash = "sha256:a7c2155f790e2fb448faed6dd241386719802296ec588a8b9051c1f5c481bc29", size = 789481, upload-time = "2024-11-06T20:10:31.612Z" },
    { url = "https://files.pythonhosted.org/packages/83/23/15d4552ea28990a74e7696780c438aadd73a20318c47e527b47a4a5a596d/regex-2024.11.6-cp312-cp312-musllinux_1_2_ppc64le.whl", hash = "sha256:149f5008d286636e48cd0b1dd65018548944e495b0265b45e1bffecce1ef7f39", size = 852896, upload-time = "2024-11-06T20:10:34.054Z" },
    { url = "https://files.pythonhosted.org/packages/e3/39/ed4416bc90deedbfdada2568b2cb0bc1fdb98efe11f5378d9892b2a88f8f/regex-2024.11.6-cp312-cp312-musllinux_1_2_s390x.whl", hash = "sha256:e5364a4502efca094731680e80009632ad6624084aff9a23ce8c8c6820de3e51", size = 860138, upload-time = "2024-11-06T20:10:36.142Z" },
    { url = "https://files.pythonhosted.org/packages/93/2d/dd56bb76bd8e95bbce684326302f287455b56242a4f9c61f1bc76e28360e/regex-2024.11.6-cp312-cp312-musllinux_1_2_x86_64.whl", hash = "sha256:0a86e7eeca091c09e021db8eb72d54751e527fa47b8d5787caf96d9831bd02ad", size = 787692, upload-time = "2024-11-06T20:10:38.394Z" },
    { url = "https://files.pythonhosted.org/packages/0b/55/31877a249ab7a5156758246b9c59539abbeba22461b7d8adc9e8475ff73e/regex-2024.11.6-cp312-cp312-win32.whl", hash = "sha256:32f9a4c643baad4efa81d549c2aadefaeba12249b2adc5af541759237eee1c54", size = 262135, upload-time = "2024-11-06T20:10:40.367Z" },
    { url = "https://files.pythonhosted.org/packages/38/ec/ad2d7de49a600cdb8dd78434a1aeffe28b9d6fc42eb36afab4a27ad23384/regex-2024.11.6-cp312-cp312-win_amd64.whl", hash = "sha256:a93c194e2df18f7d264092dc8539b8ffb86b45b899ab976aa15d48214138e81b", size = 273567, upload-time = "2024-11-06T20:10:43.467Z" },
    { url = "https://files.pythonhosted.org/packages/90/73/bcb0e36614601016552fa9344544a3a2ae1809dc1401b100eab02e772e1f/regex-2024.11.6-cp313-cp313-macosx_10_13_universal2.whl", hash = "sha256:a6ba92c0bcdf96cbf43a12c717eae4bc98325ca3730f6b130ffa2e3c3c723d84", size = 483525, upload-time = "2024-11-06T20:10:45.19Z" },
    { url = "https://files.pythonhosted.org/packages/0f/3f/f1a082a46b31e25291d830b369b6b0c5576a6f7fb89d3053a354c24b8a83/regex-2024.11.6-cp313-cp313-macosx_10_13_x86_64.whl", hash = "sha256:525eab0b789891ac3be914d36893bdf972d483fe66551f79d3e27146191a37d4", size = 288324, upload-time = "2024-11-06T20:10:47.177Z" },
    { url = "https://files.pythonhosted.org/packages/09/c9/4e68181a4a652fb3ef5099e077faf4fd2a694ea6e0f806a7737aff9e758a/regex-2024.11.6-cp313-cp313-macosx_11_0_arm64.whl", hash = "sha256:086a27a0b4ca227941700e0b31425e7a28ef1ae8e5e05a33826e17e47fbfdba0", size = 284617, upload-time = "2024-11-06T20:10:49.312Z" },
    { url = "https://files.pythonhosted.org/packages/fc/fd/37868b75eaf63843165f1d2122ca6cb94bfc0271e4428cf58c0616786dce/regex-2024.11.6-cp313-cp313-manylinux_2_17_aarch64.manylinux2014_aarch64.whl", hash = "sha256:bde01f35767c4a7899b7eb6e823b125a64de314a8ee9791367c9a34d56af18d0", size = 795023, upload-time = "2024-11-06T20:10:51.102Z" },
    { url = "https://files.pythonhosted.org/packages/c4/7c/d4cd9c528502a3dedb5c13c146e7a7a539a3853dc20209c8e75d9ba9d1b2/regex-2024.11.6-cp313-cp313-manylinux_2_17_ppc64le.manylinux2014_ppc64le.whl", hash = "sha256:b583904576650166b3d920d2bcce13971f6f9e9a396c673187f49811b2769dc7", size = 833072, upload-time = "2024-11-06T20:10:52.926Z" },
    { url = "https://files.pythonhosted.org/packages/4f/db/46f563a08f969159c5a0f0e722260568425363bea43bb7ae370becb66a67/regex-2024.11.6-cp313-cp313-manylinux_2_17_s390x.manylinux2014_s390x.whl", hash = "sha256:1c4de13f06a0d54fa0d5ab1b7138bfa0d883220965a29616e3ea61b35d5f5fc7", size = 823130, upload-time = "2024-11-06T20:10:54.828Z" },
    { url = "https://files.pythonhosted.org/packages/db/60/1eeca2074f5b87df394fccaa432ae3fc06c9c9bfa97c5051aed70e6e00c2/regex-2024.11.6-cp313-cp313-manylinux_2_17_x86_64.manylinux2014_x86_64.whl", hash = "sha256:3cde6e9f2580eb1665965ce9bf17ff4952f34f5b126beb509fee8f4e994f143c", size = 796857, upload-time = "2024-11-06T20:10:56.634Z" },
    { url = "https://files.pythonhosted.org/packages/10/db/ac718a08fcee981554d2f7bb8402f1faa7e868c1345c16ab1ebec54b0d7b/regex-2024.11.6-cp313-cp313-manylinux_2_5_i686.manylinux1_i686.manylinux_2_17_i686.manylinux2014_i686.whl", hash = "sha256:0d7f453dca13f40a02b79636a339c5b62b670141e63efd511d3f8f73fba162b3", size = 784006, upload-time = "2024-11-06T20:10:59.369Z" },
    { url = "https://files.pythonhosted.org/packages/c2/41/7da3fe70216cea93144bf12da2b87367590bcf07db97604edeea55dac9ad/regex-2024.11.6-cp313-cp313-musllinux_1_2_aarch64.whl", hash = "sha256:59dfe1ed21aea057a65c6b586afd2a945de04fc7db3de0a6e3ed5397ad491b07", size = 781650, upload-time = "2024-11-06T20:11:02.042Z" },
    { url = "https://files.pythonhosted.org/packages/a7/d5/880921ee4eec393a4752e6ab9f0fe28009435417c3102fc413f3fe81c4e5/regex-2024.11.6-cp313-cp313-musllinux_1_2_i686.whl", hash = "sha256:b97c1e0bd37c5cd7902e65f410779d39eeda155800b65fc4d04cc432efa9bc6e", size = 789545, upload-time = "2024-11-06T20:11:03.933Z" },
    { url = "https://files.pythonhosted.org/packages/dc/96/53770115e507081122beca8899ab7f5ae28ae790bfcc82b5e38976df6a77/regex-2024.11.6-cp313-cp313-musllinux_1_2_ppc64le.whl", hash = "sha256:f9d1e379028e0fc2ae3654bac3cbbef81bf3fd571272a42d56c24007979bafb6", size = 853045, upload-time = "2024-11-06T20:11:06.497Z" },
    { url = "https://files.pythonhosted.org/packages/31/d3/1372add5251cc2d44b451bd94f43b2ec78e15a6e82bff6a290ef9fd8f00a/regex-2024.11.6-cp313-cp313-musllinux_1_2_s390x.whl", hash = "sha256:13291b39131e2d002a7940fb176e120bec5145f3aeb7621be6534e46251912c4", size = 860182, upload-time = "2024-11-06T20:11:09.06Z" },
    { url = "https://files.pythonhosted.org/packages/ed/e3/c446a64984ea9f69982ba1a69d4658d5014bc7a0ea468a07e1a1265db6e2/regex-2024.11.6-cp313-cp313-musllinux_1_2_x86_64.whl", hash = "sha256:4f51f88c126370dcec4908576c5a627220da6c09d0bff31cfa89f2523843316d", size = 787733, upload-time = "2024-11-06T20:11:11.256Z" },
    { url = "https://files.pythonhosted.org/packages/2b/f1/e40c8373e3480e4f29f2692bd21b3e05f296d3afebc7e5dcf21b9756ca1c/regex-2024.11.6-cp313-cp313-win32.whl", hash = "sha256:63b13cfd72e9601125027202cad74995ab26921d8cd935c25f09c630436348ff", size = 262122, upload-time = "2024-11-06T20:11:13.161Z" },
    { url = "https://files.pythonhosted.org/packages/45/94/bc295babb3062a731f52621cdc992d123111282e291abaf23faa413443ea/regex-2024.11.6-cp313-cp313-win_amd64.whl", hash = "sha256:2b3361af3198667e99927da8b84c1b010752fa4b1115ee30beaa332cabc3ef1a", size = 273545, upload-time = "2024-11-06T20:11:15Z" },
]

[[package]]
name = "setuptools"
version = "80.9.0"
source = { registry = "https://pypi.org/simple" }
sdist = { url = "https://files.pythonhosted.org/packages/18/5d/3bf57dcd21979b887f014ea83c24ae194cfcd12b9e0fda66b957c69d1fca/setuptools-80.9.0.tar.gz", hash = "sha256:f36b47402ecde768dbfafc46e8e4207b4360c654f1f3bb84475f0a28628fb19c", size = 1319958, upload-time = "2025-05-27T00:56:51.443Z" }
wheels = [
    { url = "https://files.pythonhosted.org/packages/a3/dc/17031897dae0efacfea57dfd3a82fdd2a2aeb58e0ff71b77b87e44edc772/setuptools-80.9.0-py3-none-any.whl", hash = "sha256:062d34222ad13e0cc312a4c02d73f059e86a4acbfbdea8f8f76b28c99f306922", size = 1201486, upload-time = "2025-05-27T00:56:49.664Z" },
]
